
Microsoft Visual Studio Solution File, Format Version 12.00
# Visual Studio Version 17
VisualStudioVersion = 17.5.002.0
MinimumVisualStudioVersion = 10.0.40219.1
Project("{9A19103F-16F7-4668-BE54-9A1E7A4F7556}") = "CvApp", "CvApp.csproj", "{91939595-174B-479F-AF4D-42F2CADBAD6B}"
EndProject
Global
	GlobalSection(SolutionConfigurationPlatforms) = preSolution
		Debug|Any CPU = Debug|Any CPU
		Release|Any CPU = Release|Any CPU
	EndGlobalSection
	GlobalSection(ProjectConfigurationPlatforms) = postSolution
		{91939595-174B-479F-AF4D-42F2CADBAD6B}.Debug|Any CPU.ActiveCfg = Debug|Any CPU
		{91939595-174B-479F-AF4D-42F2CADBAD6B}.Debug|Any CPU.Build.0 = Debug|Any CPU
		{91939595-174B-479F-AF4D-42F2CADBAD6B}.Release|Any CPU.ActiveCfg = Release|Any CPU
		{91939595-174B-479F-AF4D-42F2CADBAD6B}.Release|Any CPU.Build.0 = Release|Any CPU
	EndGlobalSection
	GlobalSection(SolutionProperties) = preSolution
		HideSolutionNode = FALSE
	EndGlobalSection
	GlobalSection(ExtensibilityGlobals) = postSolution
		SolutionGuid = {E1F177FA-765E-4D00-B21F-83B23ED62C6C}
	EndGlobalSection
EndGlobal
